
Microsoft Visual Studio Solution File, Format Version 12.00
Project("{FAE04EC0-301F-11D3-BF4B-00C04F79EFBC}") = "EinerGewinnt", "EinerGewinnt\EinerGewinnt.csproj", "{D0C5CAF0-CCBE-4594-9D8A-D7142BFD026A}"
EndProject
Global
	GlobalSection(SolutionConfigurationPlatforms) = preSolution
		Debug|Any CPU = Debug|Any CPU
		Release|Any CPU = Release|Any CPU
	EndGlobalSection
	GlobalSection(ProjectConfigurationPlatforms) = postSolution
		{D0C5CAF0-CCBE-4594-9D8A-D7142BFD026A}.Debug|Any CPU.ActiveCfg = Debug|Any CPU
		{D0C5CAF0-CCBE-4594-9D8A-D7142BFD026A}.Debug|Any CPU.Build.0 = Debug|Any CPU
		{D0C5CAF0-CCBE-4594-9D8A-D7142BFD026A}.Release|Any CPU.ActiveCfg = Release|Any CPU
		{D0C5CAF0-CCBE-4594-9D8A-D7142BFD026A}.Release|Any CPU.Build.0 = Release|Any CPU
	EndGlobalSection
EndGlobal
